
Microsoft Visual Studio Solution File, Format Version 12.00
# Visual Studio 15
VisualStudioVersion = 15.0.27004.2008
MinimumVisualStudioVersion = 10.0.40219.1
Project("{FAE04EC0-301F-11D3-BF4B-00C04F79EFBC}") = "Exam.Domain.Tests", "Exam.Domain.Tests\Exam.Domain.Tests.csproj", "{B719B0AD-DCA3-4941-88C7-E8BA2CC7E096}"
EndProject
Project("{FAE04EC0-301F-11D3-BF4B-00C04F79EFBC}") = "Exam.Domain", "Exam.Domain\Exam.Domain.csproj", "{DDC8D53C-7AD7-464E-80C5-1577415BFAE0}"
EndProject
Global
	GlobalSection(SolutionConfigurationPlatforms) = preSolution
		Debug|Any CPU = Debug|Any CPU
		Release|Any CPU = Release|Any CPU
	EndGlobalSection
	GlobalSection(ProjectConfigurationPlatforms) = postSolution
		{B719B0AD-DCA3-4941-88C7-E8BA2CC7E096}.Debug|Any CPU.ActiveCfg = Debug|Any CPU
		{B719B0AD-DCA3-4941-88C7-E8BA2CC7E096}.Debug|Any CPU.Build.0 = Debug|Any CPU
		{B719B0AD-DCA3-4941-88C7-E8BA2CC7E096}.Release|Any CPU.ActiveCfg = Release|Any CPU
		{B719B0AD-DCA3-4941-88C7-E8BA2CC7E096}.Release|Any CPU.Build.0 = Release|Any CPU
		{DDC8D53C-7AD7-464E-80C5-1577415BFAE0}.Debug|Any CPU.ActiveCfg = Debug|Any CPU
		{DDC8D53C-7AD7-464E-80C5-1577415BFAE0}.Debug|Any CPU.Build.0 = Debug|Any CPU
		{DDC8D53C-7AD7-464E-80C5-1577415BFAE0}.Release|Any CPU.ActiveCfg = Release|Any CPU
		{DDC8D53C-7AD7-464E-80C5-1577415BFAE0}.Release|Any CPU.Build.0 = Release|Any CPU
	EndGlobalSection
	GlobalSection(SolutionProperties) = preSolution
		HideSolutionNode = FALSE
	EndGlobalSection
	GlobalSection(ExtensibilityGlobals) = postSolution
		SolutionGuid = {C9AF495E-71DE-4C2B-8501-F92582C90B55}
	EndGlobalSection
EndGlobal
